// !$*UTF8*$!
{
	archiveVersion = 1;
	classes = {
	};
	objectVersion = 77;
	objects = {

/* Begin PBXBuildFile section */
		35EE085859A04889BFB6B24F /* AllnighterCore in Frameworks */ = {isa = PBXBuildFile; productRef = 49F35D565EDD4C919AD4F8E3 /* AllnighterCore */; };
		7302985C67D44AF0BA469593 /* AllnighterCore in Frameworks */ = {isa = PBXBuildFile; productRef = 389A169CE28A4B058C1AE0A4 /* AllnighterCore */; };
/* End PBXBuildFile section */

/* Begin PBXContainerItemProxy section */
		27905F7A2FE0833F006F9C60 /* PBXContainerItemProxy */ = {
			isa = PBXContainerItemProxy;
			containerPortal = 27905F622FE0833E006F9C60 /* Project object */;
			proxyType = 1;
			remoteGlobalIDString = 27905F692FE0833E006F9C60;
			remoteInfo = AllnighteriOS;
		};
		27905F842FE0833F006F9C60 /* PBXContainerItemProxy */ = {
			isa = PBXContainerItemProxy;
			containerPortal = 27905F622FE0833E006F9C60 /* Project object */;
			proxyType = 1;
			remoteGlobalIDString = 27905F692FE0833E006F9C60;
			remoteInfo = AllnighteriOS;
		};
/* End PBXContainerItemProxy section */

/* Begin PBXFileReference section */
		27905F6A2FE0833E006F9C60 /* AllnighteriOS.app */ = {isa = PBXFileReference; explicitFileType = wrapper.application; includeInIndex = 0; path = AllnighteriOS.app; sourceTree = BUILT_PRODUCTS_DIR; };
		27905F792FE0833F006F9C60 /* AllnighteriOSTests.xctest */ = {isa = PBXFileReference; explicitFileType = wrapper.cfbundle; includeInIndex = 0; path = AllnighteriOSTests.xctest; sourceTree = BUILT_PRODUCTS_DIR; };
		27905F832FE0833F006F9C60 /* AllnighteriOSUITests.xctest */ = {isa = PBXFileReference; explicitFileType = wrapper.cfbundle; includeInIndex = 0; path = AllnighteriOSUITests.xctest; sourceTree = BUILT_PRODUCTS_DIR; };
/* End PBXFileReference section */

/* Begin PBXFileSystemSynchronizedRootGroup section */
		27905F6C2FE0833E006F9C60 /* AllnighteriOS */ = {
			isa = PBXFileSystemSynchronizedRootGroup;
			path = AllnighteriOS;
			sourceTree = "<group>";
		};
		27905F7C2FE0833F006F9C60 /* AllnighteriOSTests */ = {
			isa = PBXFileSystemSynchronizedRootGroup;
			path = AllnighteriOSTests;
			sourceTree = "<group>";
		};
		27905F862FE0833F006F9C60 /* AllnighteriOSUITests */ = {
			isa = PBXFileSystemSynchronizedRootGroup;
			path = AllnighteriOSUITests;
			sourceTree = "<group>";
		};
/* End PBXFileSystemSynchronizedRootGroup section */

/* Begin PBXFrameworksBuildPhase section */
		27905F672FE0833E006F9C60 /* Frameworks */ = {
			isa = PBXFrameworksBuildPhase;
			buildActionMask = 2147483647;
			files = (
				35EE085859A04889BFB6B24F /* AllnighterCore in Frameworks */,
			);
			runOnlyForDeploymentPostprocessing = 0;
		};
		27905F762FE0833F006F9C60 /* Frameworks */ = {
			isa = PBXFrameworksBuildPhase;
			buildActionMask = 2147483647;
			files = (
				7302985C67D44AF0BA469593 /* AllnighterCore in Frameworks */,
			);
			runOnlyForDeploymentPostprocessing = 0;
		};
		27905F802FE0833F006F9C60 /* Frameworks */ = {
			isa = PBXFrameworksBuildPhase;
			buildActionMask = 2147483647;
			files = (
			);
			runOnlyForDeploymentPostprocessing = 0;
		};
/* End PBXFrameworksBuildPhase section */

/* Begin PBXGroup section */
		27905F612FE0833E006F9C60 = {
			isa = PBXGroup;
			children = (
				27905F6C2FE0833E006F9C60 /* AllnighteriOS */,
				27905F7C2FE0833F006F9C60 /* AllnighteriOSTests */,
				27905F862FE0833F006F9C60 /* AllnighteriOSUITests */,
				27905F6B2FE0833E006F9C60 /* Products */,
			);
			sourceTree = "<group>";
		};
		27905F6B2FE0833E006F9C60 /* Products */ = {
			isa = PBXGroup;
			children = (
				27905F6A2FE0833E006F9C60 /* AllnighteriOS.app */,
				27905F792FE0833F006F9C60 /* AllnighteriOSTests.xctest */,
				27905F832FE0833F006F9C60 /* AllnighteriOSUITests.xctest */,
			);
			name = Products;
			sourceTree = "<group>";
		};
/* End PBXGroup section */

/* Begin PBXNativeTarget section */
		27905F692FE0833E006F9C60 /* AllnighteriOS */ = {
			isa = PBXNativeTarget;
			buildConfigurationList = 27905F8D2FE0833F006F9C60 /* Build configuration list for PBXNativeTarget "AllnighteriOS" */;
			buildPhases = (
				27905F662FE0833E006F9C60 /* Sources */,
				27905F672FE0833E006F9C60 /* Frameworks */,
				27905F682FE0833E006F9C60 /* Resources */,
			);
			buildRules = (
			);
			dependencies = (
			);
			fileSystemSynchronizedGroups = (
				27905F6C2FE0833E006F9C60 /* AllnighteriOS */,
			);
			name = AllnighteriOS;
			packageProductDependencies = (
				49F35D565EDD4C919AD4F8E3 /* AllnighterCore */,
			);
			productName = AllnighteriOS;
			productReference = 27905F6A2FE0833E006F9C60 /* AllnighteriOS.app */;
			productType = "com.apple.product-type.application";
		};
		27905F782FE0833F006F9C60 /* AllnighteriOSTests */ = {
			isa = PBXNativeTarget;
			buildConfigurationList = 27905F902FE0833F006F9C60 /* Build configuration list for PBXNativeTarget "AllnighteriOSTests" */;
			buildPhases = (
				27905F752FE0833F006F9C60 /* Sources */,
				27905F762FE0833F006F9C60 /* Frameworks */,
				27905F772FE0833F006F9C60 /* Resources */,
			);
			buildRules = (
			);
			dependencies = (
				27905F7B2FE0833F006F9C60 /* PBXTargetDependency */,
			);
			fileSystemSynchronizedGroups = (
				27905F7C2FE0833F006F9C60 /* AllnighteriOSTests */,
			);
			name = AllnighteriOSTests;
			packageProductDependencies = (
				389A169CE28A4B058C1AE0A4 /* AllnighterCore */,
			);
			productName = AllnighteriOSTests;
			productReference = 27905F792FE0833F006F9C60 /* AllnighteriOSTests.xctest */;
			productType = "com.apple.product-type.bundle.unit-test";
		};
		27905F822FE0833F006F9C60 /* AllnighteriOSUITests */ = {
			isa = PBXNativeTarget;
			buildConfigurationList = 27905F932FE0833F006F9C60 /* Build configuration list for PBXNativeTarget "AllnighteriOSUITests" */;
			buildPhases = (
				27905F7F2FE0833F006F9C60 /* Sources */,
				27905F802FE0833F006F9C60 /* Frameworks */,
				27905F812FE0833F006F9C60 /* Resources */,
			);
			buildRules = (
			);
			dependencies = (
				27905F852FE0833F006F9C60 /* PBXTargetDependency */,
			);
			fileSystemSynchronizedGroups = (
				27905F862FE0833F006F9C60 /* AllnighteriOSUITests */,
			);
			name = AllnighteriOSUITests;
			packageProductDependencies = (
			);
			productName = AllnighteriOSUITests;
			productReference = 27905F832FE0833F006F9C60 /* AllnighteriOSUITests.xctest */;
			productType = "com.apple.product-type.bundle.ui-testing";
		};
/* End PBXNativeTarget section */

/* Begin PBXProject section */
		27905F622FE0833E006F9C60 /* Project object */ = {
			isa = PBXProject;
			attributes = {
				BuildIndependentTargetsInParallel = 1;
				LastSwiftUpdateCheck = 2600;
				LastUpgradeCheck = 2600;
				TargetAttributes = {
					27905F692FE0833E006F9C60 = {
						CreatedOnToolsVersion = 26.0.1;
					};
					27905F782FE0833F006F9C60 = {
						CreatedOnToolsVersion = 26.0.1;
						TestTargetID = 27905F692FE0833E006F9C60;
					};
					27905F822FE0833F006F9C60 = {
						CreatedOnToolsVersion = 26.0.1;
						TestTargetID = 27905F692FE0833E006F9C60;
					};
				};
			};
			buildConfigurationList = 27905F652FE0833E006F9C60 /* Build configuration list for PBXProject "AllnighteriOS" */;
			developmentRegion = en;
			hasScannedForEncodings = 0;
			knownRegions = (
				en,
				Base,
			);
			mainGroup = 27905F612FE0833E006F9C60;
			minimizedProjectReferenceProxies = 1;
			packageReferences = (
				246F9B007E524F4A81931CA4 /* XCLocalSwiftPackageReference "../../Packages/AllnighterCore" */,
			);
			preferredProjectObjectVersion = 77;
			productRefGroup = 27905F6B2FE0833E006F9C60 /* Products */;
			projectDirPath = "";
			projectRoot = "";
			targets = (
				27905F692FE0833E006F9C60 /* AllnighteriOS */,
				27905F782FE0833F006F9C60 /* AllnighteriOSTests */,
				27905F822FE0833F006F9C60 /* AllnighteriOSUITests */,
			);
		};
/* End PBXProject section */

/* Begin PBXResourcesBuildPhase section */
		27905F682FE0833E006F9C60 /* Resources */ = {
			isa = PBXResourcesBuildPhase;
			buildActionMask = 2147483647;
			files = (
			);
			runOnlyForDeploymentPostprocessing = 0;
		};
		27905F772FE0833F006F9C60 /* Resources */ = {
			isa = PBXResourcesBuildPhase;
			buildActionMask = 2147483647;
			files = (
			);
			runOnlyForDeploymentPostprocessing = 0;
		};
		27905F812FE0833F006F9C60 /* Resources */ = {
			isa = PBXResourcesBuildPhase;
			buildActionMask = 2147483647;
			files = (
			);
			runOnlyForDeploymentPostprocessing = 0;
		};
/* End PBXResourcesBuildPhase section */

/* Begin PBXSourcesBuildPhase section */
		27905F662FE0833E006F9C60 /* Sources */ = {
			isa = PBXSourcesBuildPhase;
			buildActionMask = 2147483647;
			files = (
			);
			runOnlyForDeploymentPostprocessing = 0;
		};
		27905F752FE0833F006F9C60 /* Sources */ = {
			isa = PBXSourcesBuildPhase;
			buildActionMask = 2147483647;
			files = (
			);
			runOnlyForDeploymentPostprocessing = 0;
		};
		27905F7F2FE0833F006F9C60 /* Sources */ = {
			isa = PBXSourcesBuildPhase;
			buildActionMask = 2147483647;
			files = (
			);
			runOnlyForDeploymentPostprocessing = 0;
		};
/* End PBXSourcesBuildPhase section */

/* Begin PBXTargetDependency section */
		27905F7B2FE0833F006F9C60 /* PBXTargetDependency */ = {
			isa = PBXTargetDependency;
			target = 27905F692FE0833E006F9C60 /* AllnighteriOS */;
			targetProxy = 27905F7A2FE0833F006F9C60 /* PBXContainerItemProxy */;
		};
		27905F852FE0833F006F9C60 /* PBXTargetDependency */ = {
			isa = PBXTargetDependency;
			target = 27905F692FE0833E006F9C60 /* AllnighteriOS */;
			targetProxy = 27905F842FE0833F006F9C60 /* PBXContainerItemProxy */;
		};
/* End PBXTargetDependency section */

/* Begin XCBuildConfiguration section */
		27905F8B2FE0833F006F9C60 /* Debug */ = {
			isa = XCBuildConfiguration;
			buildSettings = {
				ALWAYS_SEARCH_USER_PATHS = NO;
				ASSETCATALOG_COMPILER_GENERATE_SWIFT_ASSET_SYMBOL_EXTENSIONS = YES;
				CLANG_ANALYZER_NONNULL = YES;
				CLANG_ANALYZER_NUMBER_OBJECT_CONVERSION = YES_AGGRESSIVE;
				CLANG_CXX_LANGUAGE_STANDARD = "gnu++20";
				CLANG_ENABLE_MODULES = YES;
				CLANG_ENABLE_OBJC_ARC = YES;
				CLANG_ENABLE_OBJC_WEAK = YES;
				CLANG_WARN_BLOCK_CAPTURE_AUTORELEASING = YES;
				CLANG_WARN_BOOL_CONVERSION = YES;
				CLANG_WARN_COMMA = YES;
				CLANG_WARN_CONSTANT_CONVERSION = YES;
				CLANG_WARN_DEPRECATED_OBJC_IMPLEMENTATIONS = YES;
				CLANG_WARN_DIRECT_OBJC_ISA_USAGE = YES_ERROR;
				CLANG_WARN_DOCUMENTATION_COMMENTS = YES;
				CLANG_WARN_EMPTY_BODY = YES;
				CLANG_WARN_ENUM_CONVERSION = YES;
				CLANG_WARN_INFINITE_RECURSION = YES;
				CLANG_WARN_INT_CONVERSION = YES;
				CLANG_WARN_NON_LITERAL_NULL_CONVERSION = YES;
				CLANG_WARN_OBJC_IMPLICIT_RETAIN_SELF = YES;
				CLANG_WARN_OBJC_LITERAL_CONVERSION = YES;
				CLANG_WARN_OBJC_ROOT_CLASS = YES_ERROR;
				CLANG_WARN_QUOTED_INCLUDE_IN_FRAMEWORK_HEADER = YES;
				CLANG_WARN_RANGE_LOOP_ANALYSIS = YES;
				CLANG_WARN_STRICT_PROTOTYPES = YES;
				CLANG_WARN_SUSPICIOUS_MOVE = YES;
				CLANG_WARN_UNGUARDED_AVAILABILITY = YES_AGGRESSIVE;
				CLANG_WARN_UNREACHABLE_CODE = YES;
				CLANG_WARN__DUPLICATE_METHOD_MATCH = YES;
				COPY_PHASE_STRIP = NO;
				DEBUG_INFORMATION_FORMAT = dwarf;
				DEVELOPMENT_TEAM = LP5YNK7A36;
				ENABLE_STRICT_OBJC_MSGSEND = YES;
				ENABLE_TESTABILITY = YES;
				ENABLE_USER_SCRIPT_SANDBOXING = YES;
				GCC_C_LANGUAGE_STANDARD = gnu17;
				GCC_DYNAMIC_NO_PIC = NO;
				GCC_NO_COMMON_BLOCKS = YES;
				GCC_OPTIMIZATION_LEVEL = 0;
				GCC_PREPROCESSOR_DEFINITIONS = (
					"DEBUG=1",
					"$(inherited)",
				);
				GCC_WARN_64_TO_32_BIT_CONVERSION = YES;
				GCC_WARN_ABOUT_RETURN_TYPE = YES_ERROR;
				GCC_WARN_UNDECLARED_SELECTOR = YES;
				GCC_WARN_UNINITIALIZED_AUTOS = YES_AGGRESSIVE;
				GCC_WARN_UNUSED_FUNCTION = YES;
				GCC_WARN_UNUSED_VARIABLE = YES;
				IPHONEOS_DEPLOYMENT_TARGET = 17.2;
				LOCALIZATION_PREFERS_STRING_CATALOGS = YES;
				MTL_ENABLE_DEBUG_INFO = INCLUDE_SOURCE;
				MTL_FAST_MATH = YES;
				ONLY_ACTIVE_ARCH = YES;
				SDKROOT = iphoneos;
				SWIFT_ACTIVE_COMPILATION_CONDITIONS = "DEBUG $(inherited)";
				SWIFT_OPTIMIZATION_LEVEL = "-Onone";
			};
			name = Debug;
		};
		27905F8C2FE0833F006F9C60 /* Release */ = {
			isa = XCBuildConfiguration;
			buildSettings = {
				ALWAYS_SEARCH_USER_PATHS = NO;
				ASSETCATALOG_COMPILER_GENERATE_SWIFT_ASSET_SYMBOL_EXTENSIONS = YES;
				CLANG_ANALYZER_NONNULL = YES;
				CLANG_ANALYZER_NUMBER_OBJECT_CONVERSION = YES_AGGRESSIVE;
				CLANG_CXX_LANGUAGE_STANDARD = "gnu++20";
				CLANG_ENABLE_MODULES = YES;
				CLANG_ENABLE_OBJC_ARC = YES;
				CLANG_ENABLE_OBJC_WEAK = YES;
				CLANG_WARN_BLOCK_CAPTURE_AUTORELEASING = YES;
				CLANG_WARN_BOOL_CONVERSION = YES;
				CLANG_WARN_COMMA = YES;
				CLANG_WARN_CONSTANT_CONVERSION = YES;
				CLANG_WARN_DEPRECATED_OBJC_IMPLEMENTATIONS = YES;
				CLANG_WARN_DIRECT_OBJC_ISA_USAGE = YES_ERROR;
				CLANG_WARN_DOCUMENTATION_COMMENTS = YES;
				CLANG_WARN_EMPTY_BODY = YES;
				CLANG_WARN_ENUM_CONVERSION = YES;
				CLANG_WARN_INFINITE_RECURSION = YES;
				CLANG_WARN_INT_CONVERSION = YES;
				CLANG_WARN_NON_LITERAL_NULL_CONVERSION = YES;
				CLANG_WARN_OBJC_IMPLICIT_RETAIN_SELF = YES;
				CLANG_WARN_OBJC_LITERAL_CONVERSION = YES;
				CLANG_WARN_OBJC_ROOT_CLASS = YES_ERROR;
				CLANG_WARN_QUOTED_INCLUDE_IN_FRAMEWORK_HEADER = YES;
				CLANG_WARN_RANGE_LOOP_ANALYSIS = YES;
				CLANG_WARN_STRICT_PROTOTYPES = YES;
				CLANG_WARN_SUSPICIOUS_MOVE = YES;
				CLANG_WARN_UNGUARDED_AVAILABILITY = YES_AGGRESSIVE;
				CLANG_WARN_UNREACHABLE_CODE = YES;
				CLANG_WARN__DUPLICATE_METHOD_MATCH = YES;
				COPY_PHASE_STRIP = NO;
				DEBUG_INFORMATION_FORMAT = "dwarf-with-dsym";
				DEVELOPMENT_TEAM = LP5YNK7A36;
				ENABLE_NS_ASSERTIONS = NO;
				ENABLE_STRICT_OBJC_MSGSEND = YES;
				ENABLE_USER_SCRIPT_SANDBOXING = YES;
				GCC_C_LANGUAGE_STANDARD = gnu17;
				GCC_NO_COMMON_BLOCKS = YES;
				GCC_WARN_64_TO_32_BIT_CONVERSION = YES;
				GCC_WARN_ABOUT_RETURN_TYPE = YES_ERROR;
				GCC_WARN_UNDECLARED_SELECTOR = YES;
				GCC_WARN_UNINITIALIZED_AUTOS = YES_AGGRESSIVE;
				GCC_WARN_UNUSED_FUNCTION = YES;
				GCC_WARN_UNUSED_VARIABLE = YES;
				IPHONEOS_DEPLOYMENT_TARGET = 17.2;
				LOCALIZATION_PREFERS_STRING_CATALOGS = YES;
				MTL_ENABLE_DEBUG_INFO = NO;
				MTL_FAST_MATH = YES;
				SDKROOT = iphoneos;
				SWIFT_COMPILATION_MODE = wholemodule;
				VALIDATE_PRODUCT = YES;
			};
			name = Release;
		};
		27905F8E2FE0833F006F9C60 /* Debug */ = {
			isa = XCBuildConfiguration;
			buildSettings = {
				ASSETCATALOG_COMPILER_APPICON_NAME = AppIcon;
				ASSETCATALOG_COMPILER_GLOBAL_ACCENT_COLOR_NAME = AccentColor;
				CODE_SIGN_STYLE = Automatic;
				CURRENT_PROJECT_VERSION = 1;
				DEVELOPMENT_TEAM = LP5YNK7A36;
				ENABLE_PREVIEWS = YES;
				GENERATE_INFOPLIST_FILE = YES;
				INFOPLIST_KEY_UIApplicationSceneManifest_Generation = YES;
				INFOPLIST_KEY_UIApplicationSupportsIndirectInputEvents = YES;
				INFOPLIST_KEY_UILaunchScreen_Generation = YES;
				INFOPLIST_KEY_UISupportedInterfaceOrientations_iPad = "UIInterfaceOrientationPortrait UIInterfaceOrientationPortraitUpsideDown UIInterfaceOrientationLandscapeLeft UIInterfaceOrientationLandscapeRight";
				INFOPLIST_KEY_UISupportedInterfaceOrientations_iPhone = "UIInterfaceOrientationPortrait UIInterfaceOrientationLandscapeLeft UIInterfaceOrientationLandscapeRight";
				LD_RUNPATH_SEARCH_PATHS = (
					"$(inherited)",
					"@executable_path/Frameworks",
				);
				MARKETING_VERSION = 1.0;
				PRODUCT_BUNDLE_IDENTIFIER = com.happymooseapps.AllnighteriOS;
				PRODUCT_NAME = "$(TARGET_NAME)";
				STRING_CATALOG_GENERATE_SYMBOLS = YES;
				SWIFT_APPROACHABLE_CONCURRENCY = YES;
				SWIFT_DEFAULT_ACTOR_ISOLATION = MainActor;
				SWIFT_EMIT_LOC_STRINGS = YES;
				SWIFT_UPCOMING_FEATURE_MEMBER_IMPORT_VISIBILITY = YES;
				SWIFT_VERSION = 6.0;
				TARGETED_DEVICE_FAMILY = "1,2";
			};
			name = Debug;
		};
		27905F8F2FE0833F006F9C60 /* Release */ = {
			isa = XCBuildConfiguration;
			buildSettings = {
				ASSETCATALOG_COMPILER_APPICON_NAME = AppIcon;
				ASSETCATALOG_COMPILER_GLOBAL_ACCENT_COLOR_NAME = AccentColor;
				CODE_SIGN_STYLE = Automatic;
				CURRENT_PROJECT_VERSION = 1;
				DEVELOPMENT_TEAM = LP5YNK7A36;
				ENABLE_PREVIEWS = YES;
				GENERATE_INFOPLIST_FILE = YES;
				INFOPLIST_KEY_UIApplicationSceneManifest_Generation = YES;
				INFOPLIST_KEY_UIApplicationSupportsIndirectInputEvents = YES;
				INFOPLIST_KEY_UILaunchScreen_Generation = YES;
				INFOPLIST_KEY_UISupportedInterfaceOrientations_iPad = "UIInterfaceOrientationPortrait UIInterfaceOrientationPortraitUpsideDown UIInterfaceOrientationLandscapeLeft UIInterfaceOrientationLandscapeRight";
				INFOPLIST_KEY_UISupportedInterfaceOrientations_iPhone = "UIInterfaceOrientationPortrait UIInterfaceOrientationLandscapeLeft UIInterfaceOrientationLandscapeRight";
				LD_RUNPATH_SEARCH_PATHS = (
					"$(inherited)",
					"@executable_path/Frameworks",
				);
				MARKETING_VERSION = 1.0;
				PRODUCT_BUNDLE_IDENTIFIER = com.happymooseapps.AllnighteriOS;
				PRODUCT_NAME = "$(TARGET_NAME)";
				STRING_CATALOG_GENERATE_SYMBOLS = YES;
				SWIFT_APPROACHABLE_CONCURRENCY = YES;
				SWIFT_DEFAULT_ACTOR_ISOLATION = MainActor;
				SWIFT_EMIT_LOC_STRINGS = YES;
				SWIFT_UPCOMING_FEATURE_MEMBER_IMPORT_VISIBILITY = YES;
				SWIFT_VERSION = 6.0;
				TARGETED_DEVICE_FAMILY = "1,2";
			};
			name = Release;
		};
		27905F912FE0833F006F9C60 /* Debug */ = {
			isa = XCBuildConfiguration;
			buildSettings = {
				BUNDLE_LOADER = "$(TEST_HOST)";
				CODE_SIGN_STYLE = Automatic;
				CURRENT_PROJECT_VERSION = 1;
				DEVELOPMENT_TEAM = LP5YNK7A36;
				GENERATE_INFOPLIST_FILE = YES;
				IPHONEOS_DEPLOYMENT_TARGET = 17.2;
				MARKETING_VERSION = 1.0;
				PRODUCT_BUNDLE_IDENTIFIER = com.happymooseapps.AllnighteriOSTests;
				PRODUCT_NAME = "$(TARGET_NAME)";
				STRING_CATALOG_GENERATE_SYMBOLS = NO;
				SWIFT_APPROACHABLE_CONCURRENCY = YES;
				SWIFT_EMIT_LOC_STRINGS = NO;
				SWIFT_UPCOMING_FEATURE_MEMBER_IMPORT_VISIBILITY = YES;
				SWIFT_VERSION = 6.0;
				TARGETED_DEVICE_FAMILY = "1,2";
				TEST_HOST = "$(BUILT_PRODUCTS_DIR)/AllnighteriOS.app/$(BUNDLE_EXECUTABLE_FOLDER_PATH)/AllnighteriOS";
			};
			name = Debug;
		};
		27905F922FE0833F006F9C60 /* Release */ = {
			isa = XCBuildConfiguration;
			buildSettings = {
				BUNDLE_LOADER = "$(TEST_HOST)";
				CODE_SIGN_STYLE = Automatic;
				CURRENT_PROJECT_VERSION = 1;
				DEVELOPMENT_TEAM = LP5YNK7A36;
				GENERATE_INFOPLIST_FILE = YES;
				IPHONEOS_DEPLOYMENT_TARGET = 17.2;
				MARKETING_VERSION = 1.0;
				PRODUCT_BUNDLE_IDENTIFIER = com.happymooseapps.AllnighteriOSTests;
				PRODUCT_NAME = "$(TARGET_NAME)";
				STRING_CATALOG_GENERATE_SYMBOLS = NO;
				SWIFT_APPROACHABLE_CONCURRENCY = YES;
				SWIFT_EMIT_LOC_STRINGS = NO;
				SWIFT_UPCOMING_FEATURE_MEMBER_IMPORT_VISIBILITY = YES;
				SWIFT_VERSION = 6.0;
				TARGETED_DEVICE_FAMILY = "1,2";
				TEST_HOST = "$(BUILT_PRODUCTS_DIR)/AllnighteriOS.app/$(BUNDLE_EXECUTABLE_FOLDER_PATH)/AllnighteriOS";
			};
			name = Release;
		};
		27905F942FE0833F006F9C60 /* Debug */ = {
			isa = XCBuildConfiguration;
			buildSettings = {
				CODE_SIGN_STYLE = Automatic;
				CURRENT_PROJECT_VERSION = 1;
				DEVELOPMENT_TEAM = LP5YNK7A36;
				GENERATE_INFOPLIST_FILE = YES;
				MARKETING_VERSION = 1.0;
				PRODUCT_BUNDLE_IDENTIFIER = com.happymooseapps.AllnighteriOSUITests;
				PRODUCT_NAME = "$(TARGET_NAME)";
				STRING_CATALOG_GENERATE_SYMBOLS = NO;
				SWIFT_APPROACHABLE_CONCURRENCY = YES;
				SWIFT_EMIT_LOC_STRINGS = NO;
				SWIFT_UPCOMING_FEATURE_MEMBER_IMPORT_VISIBILITY = YES;
				SWIFT_VERSION = 6.0;
				TARGETED_DEVICE_FAMILY = "1,2";
				TEST_TARGET_NAME = AllnighteriOS;
			};
			name = Debug;
		};
		27905F952FE0833F006F9C60 /* Release */ = {
			isa = XCBuildConfiguration;
			buildSettings = {
				CODE_SIGN_STYLE = Automatic;
				CURRENT_PROJECT_VERSION = 1;
				DEVELOPMENT_TEAM = LP5YNK7A36;
				GENERATE_INFOPLIST_FILE = YES;
				MARKETING_VERSION = 1.0;
				PRODUCT_BUNDLE_IDENTIFIER = com.happymooseapps.AllnighteriOSUITests;
				PRODUCT_NAME = "$(TARGET_NAME)";
				STRING_CATALOG_GENERATE_SYMBOLS = NO;
				SWIFT_APPROACHABLE_CONCURRENCY = YES;
				SWIFT_EMIT_LOC_STRINGS = NO;
				SWIFT_UPCOMING_FEATURE_MEMBER_IMPORT_VISIBILITY = YES;
				SWIFT_VERSION = 6.0;
				TARGETED_DEVICE_FAMILY = "1,2";
				TEST_TARGET_NAME = AllnighteriOS;
			};
			name = Release;
		};
/* End XCBuildConfiguration section */

/* Begin XCConfigurationList section */
		27905F652FE0833E006F9C60 /* Build configuration list for PBXProject "AllnighteriOS" */ = {
			isa = XCConfigurationList;
			buildConfigurations = (
				27905F8B2FE0833F006F9C60 /* Debug */,
				27905F8C2FE0833F006F9C60 /* Release */,
			);
			defaultConfigurationIsVisible = 0;
			defaultConfigurationName = Release;
		};
		27905F8D2FE0833F006F9C60 /* Build configuration list for PBXNativeTarget "AllnighteriOS" */ = {
			isa = XCConfigurationList;
			buildConfigurations = (
				27905F8E2FE0833F006F9C60 /* Debug */,
				27905F8F2FE0833F006F9C60 /* Release */,
			);
			defaultConfigurationIsVisible = 0;
			defaultConfigurationName = Release;
		};
		27905F902FE0833F006F9C60 /* Build configuration list for PBXNativeTarget "AllnighteriOSTests" */ = {
			isa = XCConfigurationList;
			buildConfigurations = (
				27905F912FE0833F006F9C60 /* Debug */,
				27905F922FE0833F006F9C60 /* Release */,
			);
			defaultConfigurationIsVisible = 0;
			defaultConfigurationName = Release;
		};
		27905F932FE0833F006F9C60 /* Build configuration list for PBXNativeTarget "AllnighteriOSUITests" */ = {
			isa = XCConfigurationList;
			buildConfigurations = (
				27905F942FE0833F006F9C60 /* Debug */,
				27905F952FE0833F006F9C60 /* Release */,
			);
			defaultConfigurationIsVisible = 0;
			defaultConfigurationName = Release;
		};
/* End XCConfigurationList section */

/* Begin XCLocalSwiftPackageReference section */
		246F9B007E524F4A81931CA4 /* XCLocalSwiftPackageReference "../../Packages/AllnighterCore" */ = {
			isa = XCLocalSwiftPackageReference;
			relativePath = ../../Packages/AllnighterCore;
		};
/* End XCLocalSwiftPackageReference section */

/* Begin XCSwiftPackageProductDependency section */
		389A169CE28A4B058C1AE0A4 /* AllnighterCore */ = {
			isa = XCSwiftPackageProductDependency;
			package = 246F9B007E524F4A81931CA4 /* XCLocalSwiftPackageReference "../../Packages/AllnighterCore" */;
			productName = AllnighterCore;
		};
		49F35D565EDD4C919AD4F8E3 /* AllnighterCore */ = {
			isa = XCSwiftPackageProductDependency;
			package = 246F9B007E524F4A81931CA4 /* XCLocalSwiftPackageReference "../../Packages/AllnighterCore" */;
			productName = AllnighterCore;
		};
/* End XCSwiftPackageProductDependency section */
	};
	rootObject = 27905F622FE0833E006F9C60 /* Project object */;
}
